// !$*UTF8*$!
{
	archiveVersion = 1;
	classes = {
	};
	objectVersion = 56;
	objects = {

/* Begin PBXBuildFile section */
		EC279F4C2A0585D700FD600D /* WeatherData.swift in Sources */ = {isa = PBXBuildFile; fileRef = EC279F4B2A0585D700FD600D /* WeatherData.swift */; };
		EC279F4E2A0585E700FD600D /* WeatherModel.swift in Sources */ = {isa = PBXBuildFile; fileRef = EC279F4D2A0585E700FD600D /* WeatherModel.swift */; };
		EC279F502A05867100FD600D /* WeatherManager.swift in Sources */ = {isa = PBXBuildFile; fileRef = EC279F4F2A05867100FD600D /* WeatherManager.swift */; };
		ECE415A329FFA5E0004BC412 /* WeatherViewController.swift in Sources */ = {isa = PBXBuildFile; fileRef = ECE415A229FFA5E0004BC412 /* WeatherViewController.swift */; };
		ECEDF7CD29FFA3F800148577 /* AppDelegate.swift in Sources */ = {isa = PBXBuildFile; fileRef = ECEDF7CC29FFA3F800148577 /* AppDelegate.swift */; };
		ECEDF7CF29FFA3F800148577 /* SceneDelegate.swift in Sources */ = {isa = PBXBuildFile; fileRef = ECEDF7CE29FFA3F800148577 /* SceneDelegate.swift */; };
		ECEDF7D429FFA3F800148577 /* Main.storyboard in Resources */ = {isa = PBXBuildFile; fileRef = ECEDF7D229FFA3F800148577 /* Main.storyboard */; };
		ECEDF7D629FFA3F900148577 /* Assets.xcassets in Resources */ = {isa = PBXBuildFile; fileRef = ECEDF7D529FFA3F900148577 /* Assets.xcassets */; };
		ECEDF7D929FFA3F900148577 /* LaunchScreen.storyboard in Resources */ = {isa = PBXBuildFile; fileRef = ECEDF7D729FFA3F900148577 /* LaunchScreen.storyboard */; };
		ECEDF7E429FFA3F900148577 /* ClimaTests.swift in Sources */ = {isa = PBXBuildFile; fileRef = ECEDF7E329FFA3F900148577 /* ClimaTests.swift */; };
		ECEDF7EE29FFA3F900148577 /* ClimaUITests.swift in Sources */ = {isa = PBXBuildFile; fileRef = ECEDF7ED29FFA3F900148577 /* ClimaUITests.swift */; };
		ECEDF7F029FFA3F900148577 /* ClimaUITestsLaunchTests.swift in Sources */ = {isa = PBXBuildFile; fileRef = ECEDF7EF29FFA3F900148577 /* ClimaUITestsLaunchTests.swift */; };
/* End PBXBuildFile section */

/* Begin PBXContainerItemProxy section */
		ECEDF7E029FFA3F900148577 /* PBXContainerItemProxy */ = {
			isa = PBXContainerItemProxy;
			containerPortal = ECEDF7C129FFA3F800148577 /* Project object */;
			proxyType = 1;
			remoteGlobalIDString = ECEDF7C829FFA3F800148577;
			remoteInfo = Clima;
		};
		ECEDF7EA29FFA3F900148577 /* PBXContainerItemProxy */ = {
			isa = PBXContainerItemProxy;
			containerPortal = ECEDF7C129FFA3F800148577 /* Project object */;
			proxyType = 1;
			remoteGlobalIDString = ECEDF7C829FFA3F800148577;
			remoteInfo = Clima;
		};
/* End PBXContainerItemProxy section */

/* Begin PBXFileReference section */
		EC279F4B2A0585D700FD600D /* WeatherData.swift */ = {isa = PBXFileReference; lastKnownFileType = sourcecode.swift; path = WeatherData.swift; sourceTree = "<group>"; };
		EC279F4D2A0585E700FD600D /* WeatherModel.swift */ = {isa = PBXFileReference; lastKnownFileType = sourcecode.swift; path = WeatherModel.swift; sourceTree = "<group>"; };
		EC279F4F2A05867100FD600D /* WeatherManager.swift */ = {isa = PBXFileReference; lastKnownFileType = sourcecode.swift; path = WeatherManager.swift; sourceTree = "<group>"; };
		EC279F512A05911600FD600D /* ru */ = {isa = PBXFileReference; lastKnownFileType = text.plist.strings; name = ru; path = ru.lproj/Main.strings; sourceTree = "<group>"; };
		EC279F522A05911600FD600D /* ru */ = {isa = PBXFileReference; lastKnownFileType = text.plist.strings; name = ru; path = ru.lproj/LaunchScreen.strings; sourceTree = "<group>"; };
		ECE415A229FFA5E0004BC412 /* WeatherViewController.swift */ = {isa = PBXFileReference; lastKnownFileType = sourcecode.swift; path = WeatherViewController.swift; sourceTree = "<group>"; };
		ECEDF7C929FFA3F800148577 /* Clima.app */ = {isa = PBXFileReference; explicitFileType = wrapper.application; includeInIndex = 0; path = Clima.app; sourceTree = BUILT_PRODUCTS_DIR; };
		ECEDF7CC29FFA3F800148577 /* AppDelegate.swift */ = {isa = PBXFileReference; lastKnownFileType = sourcecode.swift; path = AppDelegate.swift; sourceTree = "<group>"; };
		ECEDF7CE29FFA3F800148577 /* SceneDelegate.swift */ = {isa = PBXFileReference; lastKnownFileType = sourcecode.swift; path = SceneDelegate.swift; sourceTree = "<group>"; };
		ECEDF7D329FFA3F800148577 /* Base */ = {isa = PBXFileReference; lastKnownFileType = file.storyboard; name = Base; path = Base.lproj/Main.storyboard; sourceTree = "<group>"; };
		ECEDF7D529FFA3F900148577 /* Assets.xcassets */ = {isa = PBXFileReference; lastKnownFileType = folder.assetcatalog; path = Assets.xcassets; sourceTree = "<group>"; };
		ECEDF7D829FFA3F900148577 /* Base */ = {isa = PBXFileReference; lastKnownFileType = file.storyboard; name = Base; path = Base.lproj/LaunchScreen.storyboard; sourceTree = "<group>"; };
		ECEDF7DA29FFA3F900148577 /* Info.plist */ = {isa = PBXFileReference; lastKnownFileType = text.plist.xml; path = Info.plist; sourceTree = "<group>"; };
		ECEDF7DF29FFA3F900148577 /* ClimaTests.xctest */ = {isa = PBXFileReference; explicitFileType = wrapper.cfbundle; includeInIndex = 0; path = ClimaTests.xctest; sourceTree = BUILT_PRODUCTS_DIR; };
		ECEDF7E329FFA3F900148577 /* ClimaTests.swift */ = {isa = PBXFileReference; lastKnownFileType = sourcecode.swift; path = ClimaTests.swift; sourceTree = "<group>"; };
		ECEDF7E929FFA3F900148577 /* ClimaUITests.xctest */ = {isa = PBXFileReference; explicitFileType = wrapper.cfbundle; includeInIndex = 0; path = ClimaUITests.xctest; sourceTree = BUILT_PRODUCTS_DIR; };
		ECEDF7ED29FFA3F900148577 /* ClimaUITests.swift */ = {isa = PBXFileReference; lastKnownFileType = sourcecode.swift; path = ClimaUITests.swift; sourceTree = "<group>"; };
		ECEDF7EF29FFA3F900148577 /* ClimaUITestsLaunchTests.swift */ = {isa = PBXFileReference; lastKnownFileType = sourcecode.swift; path = ClimaUITestsLaunchTests.swift; sourceTree = "<group>"; };
/* End PBXFileReference section */

/* Begin PBXFrameworksBuildPhase section */
		ECEDF7C629FFA3F800148577 /* Frameworks */ = {
			isa = PBXFrameworksBuildPhase;
			buildActionMask = 2147483647;
			files = (
			);
			runOnlyForDeploymentPostprocessing = 0;
		};
		ECEDF7DC29FFA3F900148577 /* Frameworks */ = {
			isa = PBXFrameworksBuildPhase;
			buildActionMask = 2147483647;
			files = (
			);
			runOnlyForDeploymentPostprocessing = 0;
		};
		ECEDF7E629FFA3F900148577 /* Frameworks */ = {
			isa = PBXFrameworksBuildPhase;
			buildActionMask = 2147483647;
			files = (
			);
			runOnlyForDeploymentPostprocessing = 0;
		};
/* End PBXFrameworksBuildPhase section */

/* Begin PBXGroup section */
		EC279F462A056F5B00FD600D /* Model */ = {
			isa = PBXGroup;
			children = (
				EC279F4B2A0585D700FD600D /* WeatherData.swift */,
				EC279F4F2A05867100FD600D /* WeatherManager.swift */,
				EC279F4D2A0585E700FD600D /* WeatherModel.swift */,
			);
			path = Model;
			sourceTree = "<group>";
		};
		ECE4159F29FFA4C9004BC412 /* Controller */ = {
			isa = PBXGroup;
			children = (
				ECE415A229FFA5E0004BC412 /* WeatherViewController.swift */,
			);
			path = Controller;
			sourceTree = "<group>";
		};
		ECE415A029FFA4D7004BC412 /* View */ = {
			isa = PBXGroup;
			children = (
				ECEDF7D229FFA3F800148577 /* Main.storyboard */,
				ECEDF7D729FFA3F900148577 /* LaunchScreen.storyboard */,
			);
			path = View;
			sourceTree = "<group>";
		};
		ECE415A129FFA4F9004BC412 /* Resourses */ = {
			isa = PBXGroup;
			children = (
				ECEDF7D529FFA3F900148577 /* Assets.xcassets */,
			);
			path = Resourses;
			sourceTree = "<group>";
		};
		ECEDF7C029FFA3F800148577 = {
			isa = PBXGroup;
			children = (
				ECEDF7CB29FFA3F800148577 /* Clima */,
				ECEDF7E229FFA3F900148577 /* ClimaTests */,
				ECEDF7EC29FFA3F900148577 /* ClimaUITests */,
				ECEDF7CA29FFA3F800148577 /* Products */,
			);
			sourceTree = "<group>";
		};
		ECEDF7CA29FFA3F800148577 /* Products */ = {
			isa = PBXGroup;
			children = (
				ECEDF7C929FFA3F800148577 /* Clima.app */,
				ECEDF7DF29FFA3F900148577 /* ClimaTests.xctest */,
				ECEDF7E929FFA3F900148577 /* ClimaUITests.xctest */,
			);
			name = Products;
			sourceTree = "<group>";
		};
		ECEDF7CB29FFA3F800148577 /* Clima */ = {
			isa = PBXGroup;
			children = (
				ECEDF7CC29FFA3F800148577 /* AppDelegate.swift */,
				ECEDF7CE29FFA3F800148577 /* SceneDelegate.swift */,
				EC279F462A056F5B00FD600D /* Model */,
				ECE415A029FFA4D7004BC412 /* View */,
				ECE4159F29FFA4C9004BC412 /* Controller */,
				ECE415A129FFA4F9004BC412 /* Resourses */,
				ECEDF7DA29FFA3F900148577 /* Info.plist */,
			);
			path = Clima;
			sourceTree = "<group>";
		};
		ECEDF7E229FFA3F900148577 /* ClimaTests */ = {
			isa = PBXGroup;
			children = (
				ECEDF7E329FFA3F900148577 /* ClimaTests.swift */,
			);
			path = ClimaTests;
			sourceTree = "<group>";
		};
		ECEDF7EC29FFA3F900148577 /* ClimaUITests */ = {
			isa = PBXGroup;
			children = (
				ECEDF7ED29FFA3F900148577 /* ClimaUITests.swift */,
				ECEDF7EF29FFA3F900148577 /* ClimaUITestsLaunchTests.swift */,
			);
			path = ClimaUITests;
			sourceTree = "<group>";
		};
/* End PBXGroup section */

/* Begin PBXNativeTarget section */
		ECEDF7C829FFA3F800148577 /* Clima */ = {
			isa = PBXNativeTarget;
			buildConfigurationList = ECEDF7F329FFA3F900148577 /* Build configuration list for PBXNativeTarget "Clima" */;
			buildPhases = (
				ECEDF7C529FFA3F800148577 /* Sources */,
				ECEDF7C629FFA3F800148577 /* Frameworks */,
				ECEDF7C729FFA3F800148577 /* Resources */,
			);
			buildRules = (
			);
			dependencies = (
			);
			name = Clima;
			productName = Clima;
			productReference = ECEDF7C929FFA3F800148577 /* Clima.app */;
			productType = "com.apple.product-type.application";
		};
		ECEDF7DE29FFA3F900148577 /* ClimaTests */ = {
			isa = PBXNativeTarget;
			buildConfigurationList = ECEDF7F629FFA3F900148577 /* Build configuration list for PBXNativeTarget "ClimaTests" */;
			buildPhases = (
				ECEDF7DB29FFA3F900148577 /* Sources */,
				ECEDF7DC29FFA3F900148577 /* Frameworks */,
				ECEDF7DD29FFA3F900148577 /* Resources */,
			);
			buildRules = (
			);
			dependencies = (
				ECEDF7E129FFA3F900148577 /* PBXTargetDependency */,
			);
			name = ClimaTests;
			productName = ClimaTests;
			productReference = ECEDF7DF29FFA3F900148577 /* ClimaTests.xctest */;
			productType = "com.apple.product-type.bundle.unit-test";
		};
		ECEDF7E829FFA3F900148577 /* ClimaUITests */ = {
			isa = PBXNativeTarget;
			buildConfigurationList = ECEDF7F929FFA3F900148577 /* Build configuration list for PBXNativeTarget "ClimaUITests" */;
			buildPhases = (
				ECEDF7E529FFA3F900148577 /* Sources */,
				ECEDF7E629FFA3F900148577 /* Frameworks */,
				ECEDF7E729FFA3F900148577 /* Resources */,
			);
			buildRules = (
			);
			dependencies = (
				ECEDF7EB29FFA3F900148577 /* PBXTargetDependency */,
			);
			name = ClimaUITests;
			productName = ClimaUITests;
			productReference = ECEDF7E929FFA3F900148577 /* ClimaUITests.xctest */;
			productType = "com.apple.product-type.bundle.ui-testing";
		};
/* End PBXNativeTarget section */

/* Begin PBXProject section */
		ECEDF7C129FFA3F800148577 /* Project object */ = {
			isa = PBXProject;
			attributes = {
				BuildIndependentTargetsInParallel = 1;
				LastSwiftUpdateCheck = 1430;
				LastUpgradeCheck = 1430;
				TargetAttributes = {
					ECEDF7C829FFA3F800148577 = {
						CreatedOnToolsVersion = 14.3;
					};
					ECEDF7DE29FFA3F900148577 = {
						CreatedOnToolsVersion = 14.3;
						TestTargetID = ECEDF7C829FFA3F800148577;
					};
					ECEDF7E829FFA3F900148577 = {
						CreatedOnToolsVersion = 14.3;
						TestTargetID = ECEDF7C829FFA3F800148577;
					};
				};
			};
			buildConfigurationList = ECEDF7C429FFA3F800148577 /* Build configuration list for PBXProject "Clima" */;
			compatibilityVersion = "Xcode 14.0";
			developmentRegion = en;
			hasScannedForEncodings = 0;
			knownRegions = (
				en,
				Base,
				ru,
			);
			mainGroup = ECEDF7C029FFA3F800148577;
			productRefGroup = ECEDF7CA29FFA3F800148577 /* Products */;
			projectDirPath = "";
			projectRoot = "";
			targets = (
				ECEDF7C829FFA3F800148577 /* Clima */,
				ECEDF7DE29FFA3F900148577 /* ClimaTests */,
				ECEDF7E829FFA3F900148577 /* ClimaUITests */,
			);
		};
/* End PBXProject section */

/* Begin PBXResourcesBuildPhase section */
		ECEDF7C729FFA3F800148577 /* Resources */ = {
			isa = PBXResourcesBuildPhase;
			buildActionMask = 2147483647;
			files = (
				ECEDF7D929FFA3F900148577 /* LaunchScreen.storyboard in Resources */,
				ECEDF7D629FFA3F900148577 /* Assets.xcassets in Resources */,
				ECEDF7D429FFA3F800148577 /* Main.storyboard in Resources */,
			);
			runOnlyForDeploymentPostprocessing = 0;
		};
		ECEDF7DD29FFA3F900148577 /* Resources */ = {
			isa = PBXResourcesBuildPhase;
			buildActionMask = 2147483647;
			files = (
			);
			runOnlyForDeploymentPostprocessing = 0;
		};
		ECEDF7E729FFA3F900148577 /* Resources */ = {
			isa = PBXResourcesBuildPhase;
			buildActionMask = 2147483647;
			files = (
			);
			runOnlyForDeploymentPostprocessing = 0;
		};
/* End PBXResourcesBuildPhase section */

/* Begin PBXSourcesBuildPhase section */
		ECEDF7C529FFA3F800148577 /* Sources */ = {
			isa = PBXSourcesBuildPhase;
			buildActionMask = 2147483647;
			files = (
				ECE415A329FFA5E0004BC412 /* WeatherViewController.swift in Sources */,
				EC279F4E2A0585E700FD600D /* WeatherModel.swift in Sources */,
				EC279F502A05867100FD600D /* WeatherManager.swift in Sources */,
				ECEDF7CD29FFA3F800148577 /* AppDelegate.swift in Sources */,
				EC279F4C2A0585D700FD600D /* WeatherData.swift in Sources */,
				ECEDF7CF29FFA3F800148577 /* SceneDelegate.swift in Sources */,
			);
			runOnlyForDeploymentPostprocessing = 0;
		};
		ECEDF7DB29FFA3F900148577 /* Sources */ = {
			isa = PBXSourcesBuildPhase;
			buildActionMask = 2147483647;
			files = (
				ECEDF7E429FFA3F900148577 /* ClimaTests.swift in Sources */,
			);
			runOnlyForDeploymentPostprocessing = 0;
		};
		ECEDF7E529FFA3F900148577 /* Sources */ = {
			isa = PBXSourcesBuildPhase;
			buildActionMask = 2147483647;
			files = (
				ECEDF7EE29FFA3F900148577 /* ClimaUITests.swift in Sources */,
				ECEDF7F029FFA3F900148577 /* ClimaUITestsLaunchTests.swift in Sources */,
			);
			runOnlyForDeploymentPostprocessing = 0;
		};
/* End PBXSourcesBuildPhase section */

/* Begin PBXTargetDependency section */
		ECEDF7E129FFA3F900148577 /* PBXTargetDependency */ = {
			isa = PBXTargetDependency;
			target = ECEDF7C829FFA3F800148577 /* Clima */;
			targetProxy = ECEDF7E029FFA3F900148577 /* PBXContainerItemProxy */;
		};
		ECEDF7EB29FFA3F900148577 /* PBXTargetDependency */ = {
			isa = PBXTargetDependency;
			target = ECEDF7C829FFA3F800148577 /* Clima */;
			targetProxy = ECEDF7EA29FFA3F900148577 /* PBXContainerItemProxy */;
		};
/* End PBXTargetDependency section */

/* Begin PBXVariantGroup section */
		ECEDF7D229FFA3F800148577 /* Main.storyboard */ = {
			isa = PBXVariantGroup;
			children = (
				ECEDF7D329FFA3F800148577 /* Base */,
				EC279F512A05911600FD600D /* ru */,
			);
			name = Main.storyboard;
			sourceTree = "<group>";
		};
		ECEDF7D729FFA3F900148577 /* LaunchScreen.storyboard */ = {
			isa = PBXVariantGroup;
			children = (
				ECEDF7D829FFA3F900148577 /* Base */,
				EC279F522A05911600FD600D /* ru */,
			);
			name = LaunchScreen.storyboard;
			sourceTree = "<group>";
		};
/* End PBXVariantGroup section */

/* Begin XCBuildConfiguration section */
		ECEDF7F129FFA3F900148577 /* Debug */ = {
			isa = XCBuildConfiguration;
			buildSettings = {
				ALWAYS_SEARCH_USER_PATHS = NO;
				CLANG_ANALYZER_LOCALIZABILITY_NONLOCALIZED = YES;
				CLANG_ANALYZER_NONNULL = YES;
				CLANG_ANALYZER_NUMBER_OBJECT_CONVERSION = YES_AGGRESSIVE;
				CLANG_CXX_LANGUAGE_STANDARD = "gnu++20";
				CLANG_ENABLE_MODULES = YES;
				CLANG_ENABLE_OBJC_ARC = YES;
				CLANG_ENABLE_OBJC_WEAK = YES;
				CLANG_WARN_BLOCK_CAPTURE_AUTORELEASING = YES;
				CLANG_WARN_BOOL_CONVERSION = YES;
				CLANG_WARN_COMMA = YES;
				CLANG_WARN_CONSTANT_CONVERSION = YES;
				CLANG_WARN_DEPRECATED_OBJC_IMPLEMENTATIONS = YES;
				CLANG_WARN_DIRECT_OBJC_ISA_USAGE = YES_ERROR;
				CLANG_WARN_DOCUMENTATION_COMMENTS = YES;
				CLANG_WARN_EMPTY_BODY = YES;
				CLANG_WARN_ENUM_CONVERSION = YES;
				CLANG_WARN_INFINITE_RECURSION = YES;
				CLANG_WARN_INT_CONVERSION = YES;
				CLANG_WARN_NON_LITERAL_NULL_CONVERSION = YES;
				CLANG_WARN_OBJC_IMPLICIT_RETAIN_SELF = YES;
				CLANG_WARN_OBJC_LITERAL_CONVERSION = YES;
				CLANG_WARN_OBJC_ROOT_CLASS = YES_ERROR;
				CLANG_WARN_QUOTED_INCLUDE_IN_FRAMEWORK_HEADER = YES;
				CLANG_WARN_RANGE_LOOP_ANALYSIS = YES;
				CLANG_WARN_STRICT_PROTOTYPES = YES;
				CLANG_WARN_SUSPICIOUS_MOVE = YES;
				CLANG_WARN_UNGUARDED_AVAILABILITY = YES_AGGRESSIVE;
				CLANG_WARN_UNREACHABLE_CODE = YES;
				CLANG_WARN__DUPLICATE_METHOD_MATCH = YES;
				COPY_PHASE_STRIP = NO;
				DEBUG_INFORMATION_FORMAT = dwarf;
				ENABLE_STRICT_OBJC_MSGSEND = YES;
				ENABLE_TESTABILITY = YES;
				GCC_C_LANGUAGE_STANDARD = gnu11;
				GCC_DYNAMIC_NO_PIC = NO;
				GCC_NO_COMMON_BLOCKS = YES;
				GCC_OPTIMIZATION_LEVEL = 0;
				GCC_PREPROCESSOR_DEFINITIONS = (
					"DEBUG=1",
					"$(inherited)",
				);
				GCC_WARN_64_TO_32_BIT_CONVERSION = YES;
				GCC_WARN_ABOUT_RETURN_TYPE = YES_ERROR;
				GCC_WARN_UNDECLARED_SELECTOR = YES;
				GCC_WARN_UNINITIALIZED_AUTOS = YES_AGGRESSIVE;
				GCC_WARN_UNUSED_FUNCTION = YES;
				GCC_WARN_UNUSED_VARIABLE = YES;
				IPHONEOS_DEPLOYMENT_TARGET = 16.4;
				MTL_ENABLE_DEBUG_INFO = INCLUDE_SOURCE;
				MTL_FAST_MATH = YES;
				ONLY_ACTIVE_ARCH = YES;
				SDKROOT = iphoneos;
				SWIFT_ACTIVE_COMPILATION_CONDITIONS = DEBUG;
				SWIFT_OPTIMIZATION_LEVEL = "-Onone";
			};
			name = Debug;
		};
		ECEDF7F229FFA3F900148577 /* Release */ = {
			isa = XCBuildConfiguration;
			buildSettings = {
				ALWAYS_SEARCH_USER_PATHS = NO;
				CLANG_ANALYZER_LOCALIZABILITY_NONLOCALIZED = YES;
				CLANG_ANALYZER_NONNULL = YES;
				CLANG_ANALYZER_NUMBER_OBJECT_CONVERSION = YES_AGGRESSIVE;
				CLANG_CXX_LANGUAGE_STANDARD = "gnu++20";
				CLANG_ENABLE_MODULES = YES;
				CLANG_ENABLE_OBJC_ARC = YES;
				CLANG_ENABLE_OBJC_WEAK = YES;
				CLANG_WARN_BLOCK_CAPTURE_AUTORELEASING = YES;
				CLANG_WARN_BOOL_CONVERSION = YES;
				CLANG_WARN_COMMA = YES;
				CLANG_WARN_CONSTANT_CONVERSION = YES;
				CLANG_WARN_DEPRECATED_OBJC_IMPLEMENTATIONS = YES;
				CLANG_WARN_DIRECT_OBJC_ISA_USAGE = YES_ERROR;
				CLANG_WARN_DOCUMENTATION_COMMENTS = YES;
				CLANG_WARN_EMPTY_BODY = YES;
				CLANG_WARN_ENUM_CONVERSION = YES;
				CLANG_WARN_INFINITE_RECURSION = YES;
				CLANG_WARN_INT_CONVERSION = YES;
				CLANG_WARN_NON_LITERAL_NULL_CONVERSION = YES;
				CLANG_WARN_OBJC_IMPLICIT_RETAIN_SELF = YES;
				CLANG_WARN_OBJC_LITERAL_CONVERSION = YES;
				CLANG_WARN_OBJC_ROOT_CLASS = YES_ERROR;
				CLANG_WARN_QUOTED_INCLUDE_IN_FRAMEWORK_HEADER = YES;
				CLANG_WARN_RANGE_LOOP_ANALYSIS = YES;
				CLANG_WARN_STRICT_PROTOTYPES = YES;
				CLANG_WARN_SUSPICIOUS_MOVE = YES;
				CLANG_WARN_UNGUARDED_AVAILABILITY = YES_AGGRESSIVE;
				CLANG_WARN_UNREACHABLE_CODE = YES;
				CLANG_WARN__DUPLICATE_METHOD_MATCH = YES;
				COPY_PHASE_STRIP = NO;
				DEBUG_INFORMATION_FORMAT = "dwarf-with-dsym";
				ENABLE_NS_ASSERTIONS = NO;
				ENABLE_STRICT_OBJC_MSGSEND = YES;
				GCC_C_LANGUAGE_STANDARD = gnu11;
				GCC_NO_COMMON_BLOCKS = YES;
				GCC_WARN_64_TO_32_BIT_CONVERSION = YES;
				GCC_WARN_ABOUT_RETURN_TYPE = YES_ERROR;
				GCC_WARN_UNDECLARED_SELECTOR = YES;
				GCC_WARN_UNINITIALIZED_AUTOS = YES_AGGRESSIVE;
				GCC_WARN_UNUSED_FUNCTION = YES;
				GCC_WARN_UNUSED_VARIABLE = YES;
				IPHONEOS_DEPLOYMENT_TARGET = 16.4;
				MTL_ENABLE_DEBUG_INFO = NO;
				MTL_FAST_MATH = YES;
				SDKROOT = iphoneos;
				SWIFT_COMPILATION_MODE = wholemodule;
				SWIFT_OPTIMIZATION_LEVEL = "-O";
				VALIDATE_PRODUCT = YES;
			};
			name = Release;
		};
		ECEDF7F429FFA3F900148577 /* Debug */ = {
			isa = XCBuildConfiguration;
			buildSettings = {
				ASSETCATALOG_COMPILER_APPICON_NAME = AppIcon;
				ASSETCATALOG_COMPILER_GLOBAL_ACCENT_COLOR_NAME = AccentColor;
				CODE_SIGN_STYLE = Automatic;
				CURRENT_PROJECT_VERSION = 1;
				DEVELOPMENT_TEAM = 374DGY6WA4;
				GENERATE_INFOPLIST_FILE = YES;
				INFOPLIST_FILE = Clima/Info.plist;
				INFOPLIST_KEY_UIApplicationSupportsIndirectInputEvents = YES;
				INFOPLIST_KEY_UILaunchStoryboardName = LaunchScreen;
				INFOPLIST_KEY_UIMainStoryboardFile = Main;
				INFOPLIST_KEY_UISupportedInterfaceOrientations_iPad = "UIInterfaceOrientationPortrait UIInterfaceOrientationPortraitUpsideDown UIInterfaceOrientationLandscapeLeft UIInterfaceOrientationLandscapeRight";
				INFOPLIST_KEY_UISupportedInterfaceOrientations_iPhone = "UIInterfaceOrientationPortrait UIInterfaceOrientationLandscapeLeft UIInterfaceOrientationLandscapeRight";
				LD_RUNPATH_SEARCH_PATHS = (
					"$(inherited)",
					"@executable_path/Frameworks",
				);
				MARKETING_VERSION = 1.0;
				PRODUCT_BUNDLE_IDENTIFIER = kheladzedev.Clima;
				PRODUCT_NAME = "$(TARGET_NAME)";
				SWIFT_EMIT_LOC_STRINGS = YES;
				SWIFT_VERSION = 5.0;
				TARGETED_DEVICE_FAMILY = "1,2";
			};
			name = Debug;
		};
		ECEDF7F529FFA3F900148577 /* Release */ = {
			isa = XCBuildConfiguration;
			buildSettings = {
				ASSETCATALOG_COMPILER_APPICON_NAME = AppIcon;
				ASSETCATALOG_COMPILER_GLOBAL_ACCENT_COLOR_NAME = AccentColor;
				CODE_SIGN_STYLE = Automatic;
				CURRENT_PROJECT_VERSION = 1;
				DEVELOPMENT_TEAM = 374DGY6WA4;
				GENERATE_INFOPLIST_FILE = YES;
				INFOPLIST_FILE = Clima/Info.plist;
				INFOPLIST_KEY_UIApplicationSupportsIndirectInputEvents = YES;
				INFOPLIST_KEY_UILaunchStoryboardName = LaunchScreen;
				INFOPLIST_KEY_UIMainStoryboardFile = Main;
				INFOPLIST_KEY_UISupportedInterfaceOrientations_iPad = "UIInterfaceOrientationPortrait UIInterfaceOrientationPortraitUpsideDown UIInterfaceOrientationLandscapeLeft UIInterfaceOrientationLandscapeRight";
				INFOPLIST_KEY_UISupportedInterfaceOrientations_iPhone = "UIInterfaceOrientationPortrait UIInterfaceOrientationLandscapeLeft UIInterfaceOrientationLandscapeRight";
				LD_RUNPATH_SEARCH_PATHS = (
					"$(inherited)",
					"@executable_path/Frameworks",
				);
				MARKETING_VERSION = 1.0;
				PRODUCT_BUNDLE_IDENTIFIER = kheladzedev.Clima;
				PRODUCT_NAME = "$(TARGET_NAME)";
				SWIFT_EMIT_LOC_STRINGS = YES;
				SWIFT_VERSION = 5.0;
				TARGETED_DEVICE_FAMILY = "1,2";
			};
			name = Release;
		};
		ECEDF7F729FFA3F900148577 /* Debug */ = {
			isa = XCBuildConfiguration;
			buildSettings = {
				ALWAYS_EMBED_SWIFT_STANDARD_LIBRARIES = YES;
				BUNDLE_LOADER = "$(TEST_HOST)";
				CODE_SIGN_STYLE = Automatic;
				CURRENT_PROJECT_VERSION = 1;
				DEVELOPMENT_TEAM = 374DGY6WA4;
				GENERATE_INFOPLIST_FILE = YES;
				IPHONEOS_DEPLOYMENT_TARGET = 16.4;
				MARKETING_VERSION = 1.0;
				PRODUCT_BUNDLE_IDENTIFIER = kheladzedev.ClimaTests;
				PRODUCT_NAME = "$(TARGET_NAME)";
				SWIFT_EMIT_LOC_STRINGS = NO;
				SWIFT_VERSION = 5.0;
				TARGETED_DEVICE_FAMILY = "1,2";
				TEST_HOST = "$(BUILT_PRODUCTS_DIR)/Clima.app/$(BUNDLE_EXECUTABLE_FOLDER_PATH)/Clima";
			};
			name = Debug;
		};
		ECEDF7F829FFA3F900148577 /* Release */ = {
			isa = XCBuildConfiguration;
			buildSettings = {
				ALWAYS_EMBED_SWIFT_STANDARD_LIBRARIES = YES;
				BUNDLE_LOADER = "$(TEST_HOST)";
				CODE_SIGN_STYLE = Automatic;
				CURRENT_PROJECT_VERSION = 1;
				DEVELOPMENT_TEAM = 374DGY6WA4;
				GENERATE_INFOPLIST_FILE = YES;
				IPHONEOS_DEPLOYMENT_TARGET = 16.4;
				MARKETING_VERSION = 1.0;
				PRODUCT_BUNDLE_IDENTIFIER = kheladzedev.ClimaTests;
				PRODUCT_NAME = "$(TARGET_NAME)";
				SWIFT_EMIT_LOC_STRINGS = NO;
				SWIFT_VERSION = 5.0;
				TARGETED_DEVICE_FAMILY = "1,2";
				TEST_HOST = "$(BUILT_PRODUCTS_DIR)/Clima.app/$(BUNDLE_EXECUTABLE_FOLDER_PATH)/Clima";
			};
			name = Release;
		};
		ECEDF7FA29FFA3F900148577 /* Debug */ = {
			isa = XCBuildConfiguration;
			buildSettings = {
				ALWAYS_EMBED_SWIFT_STANDARD_LIBRARIES = YES;
				CODE_SIGN_STYLE = Automatic;
				CURRENT_PROJECT_VERSION = 1;
				DEVELOPMENT_TEAM = 374DGY6WA4;
				GENERATE_INFOPLIST_FILE = YES;
				MARKETING_VERSION = 1.0;
				PRODUCT_BUNDLE_IDENTIFIER = kheladzedev.ClimaUITests;
				PRODUCT_NAME = "$(TARGET_NAME)";
				SWIFT_EMIT_LOC_STRINGS = NO;
				SWIFT_VERSION = 5.0;
				TARGETED_DEVICE_FAMILY = "1,2";
				TEST_TARGET_NAME = Clima;
			};
			name = Debug;
		};
		ECEDF7FB29FFA3F900148577 /* Release */ = {
			isa = XCBuildConfiguration;
			buildSettings = {
				ALWAYS_EMBED_SWIFT_STANDARD_LIBRARIES = YES;
				CODE_SIGN_STYLE = Automatic;
				CURRENT_PROJECT_VERSION = 1;
				DEVELOPMENT_TEAM = 374DGY6WA4;
				GENERATE_INFOPLIST_FILE = YES;
				MARKETING_VERSION = 1.0;
				PRODUCT_BUNDLE_IDENTIFIER = kheladzedev.ClimaUITests;
				PRODUCT_NAME = "$(TARGET_NAME)";
				SWIFT_EMIT_LOC_STRINGS = NO;
				SWIFT_VERSION = 5.0;
				TARGETED_DEVICE_FAMILY = "1,2";
				TEST_TARGET_NAME = Clima;
			};
			name = Release;
		};
/* End XCBuildConfiguration section */

/* Begin XCConfigurationList section */
		ECEDF7C429FFA3F800148577 /* Build configuration list for PBXProject "Clima" */ = {
			isa = XCConfigurationList;
			buildConfigurations = (
				ECEDF7F129FFA3F900148577 /* Debug */,
				ECEDF7F229FFA3F900148577 /* Release */,
			);
			defaultConfigurationIsVisible = 0;
			defaultConfigurationName = Release;
		};
		ECEDF7F329FFA3F900148577 /* Build configuration list for PBXNativeTarget "Clima" */ = {
			isa = XCConfigurationList;
			buildConfigurations = (
				ECEDF7F429FFA3F900148577 /* Debug */,
				ECEDF7F529FFA3F900148577 /* Release */,
			);
			defaultConfigurationIsVisible = 0;
			defaultConfigurationName = Release;
		};
		ECEDF7F629FFA3F900148577 /* Build configuration list for PBXNativeTarget "ClimaTests" */ = {
			isa = XCConfigurationList;
			buildConfigurations = (
				ECEDF7F729FFA3F900148577 /* Debug */,
				ECEDF7F829FFA3F900148577 /* Release */,
			);
			defaultConfigurationIsVisible = 0;
			defaultConfigurationName = Release;
		};
		ECEDF7F929FFA3F900148577 /* Build configuration list for PBXNativeTarget "ClimaUITests" */ = {
			isa = XCConfigurationList;
			buildConfigurations = (
				ECEDF7FA29FFA3F900148577 /* Debug */,
				ECEDF7FB29FFA3F900148577 /* Release */,
			);
			defaultConfigurationIsVisible = 0;
			defaultConfigurationName = Release;
		};
/* End XCConfigurationList section */
	};
	rootObject = ECEDF7C129FFA3F800148577 /* Project object */;
}
